{
  "requires": true,
  "lockfileVersion": 1,
  "dependencies": {
    "@fluentui/date-time-utilities": {
      "version": "7.9.1",
      "resolved": "https://registry.npmjs.org/@fluentui/date-time-utilities/-/date-time-utilities-7.9.1.tgz",
      "integrity": "sha512-o8iU1VIY+QsqVRWARKiky29fh4KR1xaKSgMClXIi65qkt8EDDhjmlzL0KVDEoDA2GWukwb/1PpaVCWDg4v3cUQ==",
      "requires": {
        "@uifabric/set-version": "^7.0.24",
        "tslib": "^1.10.0"
      }
    },
    "@fluentui/dom-utilities": {
      "version": "1.1.2",
      "resolved": "https://registry.npmjs.org/@fluentui/dom-utilities/-/dom-utilities-1.1.2.tgz",
      "integrity": "sha512-XqPS7l3YoMwxdNlaYF6S2Mp0K3FmVIOIy2K3YkMc+eRxu9wFK6emr2Q/3rBhtG5u/On37NExRT7/5CTLnoi9gw==",
      "requires": {
        "@uifabric/set-version": "^7.0.24",
        "tslib": "^1.10.0"
      }
    },
    "@fluentui/keyboard-key": {
      "version": "0.2.14",
      "resolved": "https://registry.npmjs.org/@fluentui/keyboard-key/-/keyboard-key-0.2.14.tgz",
      "integrity": "sha512-SMyoMFCPRNoDeHB5MMIi8W3loDxjXsSBeQfQaaKqmph7gVN48DCky6K/xBHHDJDeqJjcmEgwPTRP8qsuuLWnqw==",
      "requires": {
        "tslib": "^1.10.0"
      }
    },
    "@fluentui/react-focus": {
      "version": "7.17.5",
      "resolved": "https://registry.npmjs.org/@fluentui/react-focus/-/react-focus-7.17.5.tgz",
      "integrity": "sha512-FBgvHMOpFnmMSGVV+QdlKNMQ61kEzqv2wjUObWxdpqxVUeFIk4rSAalCp2R8c2Sg8YxTGmH5ywhySQ6GQEM6sA==",
      "requires": {
        "@fluentui/keyboard-key": "^0.2.12",
        "@uifabric/merge-styles": "^7.19.2",
        "@uifabric/set-version": "^7.0.24",
        "@uifabric/styling": "^7.18.1",
        "@uifabric/utilities": "^7.33.5",
        "tslib": "^1.10.0"
      }
    },
    "@fluentui/react-window-provider": {
      "version": "1.0.2",
      "resolved": "https://registry.npmjs.org/@fluentui/react-window-provider/-/react-window-provider-1.0.2.tgz",
      "integrity": "sha512-fGSgL3Vp/+6t1Ysfz21FWZmqsU+iFVxOigvHnm5uKVyyRPwtaabv/F6kQ2y5isLMI2YmJaUd2i0cDJKu8ggrvw==",
      "requires": {
        "@uifabric/set-version": "^7.0.24",
        "tslib": "^1.10.0"
      }
    },
    "@fluentui/theme": {
      "version": "1.7.4",
      "resolved": "https://registry.npmjs.org/@fluentui/theme/-/theme-1.7.4.tgz",
      "integrity": "sha512-o4eo7lstLxxXl1g2RR9yz18Yt8yjQO/LbQuZjsiAfv/4Bf0CRnb+3j1F7gxIdBWAchKj9gzaMpIFijfI98pvYQ==",
      "requires": {
        "@uifabric/merge-styles": "^7.19.2",
        "@uifabric/set-version": "^7.0.24",
        "@uifabric/utilities": "^7.33.5",
        "tslib": "^1.10.0"
      }
    },
    "@microsoft/load-themed-styles": {
      "version": "1.10.151",
      "resolved": "https://registry.npmjs.org/@microsoft/load-themed-styles/-/load-themed-styles-1.10.151.tgz",
      "integrity": "sha512-LCRBzFxmxX94cNNS3ATWu877Y17WJO2/Cg9DQKHrCtrW0tnr7+k6IIGXWAu4L5l9tsa5sQ1YThV6WUS4rWEsFA=="
    },
    "@uifabric/foundation": {
      "version": "7.9.25",
      "resolved": "https://registry.npmjs.org/@uifabric/foundation/-/foundation-7.9.25.tgz",
      "integrity": "sha512-E9YMzbbgvNtZEJx1/AZBJX6Ut2chgoA7/ODB9+el6QyUErL/WUeIlXHbl8TZungRL9e1T4Bma48CNvBT8Ul+Fg==",
      "requires": {
        "@uifabric/merge-styles": "^7.19.2",
        "@uifabric/set-version": "^7.0.24",
        "@uifabric/styling": "^7.18.1",
        "@uifabric/utilities": "^7.33.5",
        "tslib": "^1.10.0"
      }
    },
    "@uifabric/icons": {
      "version": "7.5.22",
      "resolved": "https://registry.npmjs.org/@uifabric/icons/-/icons-7.5.22.tgz",
      "integrity": "sha512-xJwgJG2IoEM/sFc4qzG5vXE/eY+vuz6IxPVXH0UoQ+9XY2KRb9p5pjBIx4SM/h0belCBMPF5rGnWYeg6hi14dQ==",
      "requires": {
        "@uifabric/set-version": "^7.0.24",
        "@uifabric/styling": "^7.18.1",
        "tslib": "^1.10.0"
      }
    },
    "@uifabric/merge-styles": {
      "version": "7.19.2",
      "resolved": "https://registry.npmjs.org/@uifabric/merge-styles/-/merge-styles-7.19.2.tgz",
      "integrity": "sha512-kTlhwglDqwVgIaJq+0yXgzi65plGhmFcPrfme/rXUGMJZoU+qlGT5jXj5d3kuI59p6VB8jWEg9DAxHozhYeu0g==",
      "requires": {
        "@uifabric/set-version": "^7.0.24",
        "tslib": "^1.10.0"
      }
    },
    "@uifabric/react-hooks": {
      "version": "7.13.12",
      "resolved": "https://registry.npmjs.org/@uifabric/react-hooks/-/react-hooks-7.13.12.tgz",
      "integrity": "sha512-TVeBLMI9Cpo0duxt5NkyMAAPyTVsqYQSt+EmjDIZI92abptqBpuiLGXHnLaf+Egw8VgzBv5Vqs8ZRzMg6mhYkA==",
      "requires": {
        "@fluentui/react-window-provider": "^1.0.2",
        "@uifabric/set-version": "^7.0.24",
        "@uifabric/utilities": "^7.33.5",
        "tslib": "^1.10.0"
      }
    },
    "@uifabric/set-version": {
      "version": "7.0.24",
      "resolved": "https://registry.npmjs.org/@uifabric/set-version/-/set-version-7.0.24.tgz",
      "integrity": "sha512-t0Pt21dRqdC707/ConVJC0WvcQ/KF7tKLU8AZY7YdjgJpMHi1c0C427DB4jfUY19I92f60LOQyhJ4efH+KpFEg==",
      "requires": {
        "tslib": "^1.10.0"
      }
    },
    "@uifabric/styling": {
      "version": "7.18.1",
      "resolved": "https://registry.npmjs.org/@uifabric/styling/-/styling-7.18.1.tgz",
      "integrity": "sha512-yLavWTQ4rAE3uZ3h/odlCKyun3amjlESZu+KAdEfQWnsMMV4VFpJXc1Mhqm/Rzf9rNySaiZMzJ2R4urWcHTJHQ==",
      "requires": {
        "@fluentui/theme": "^1.7.4",
        "@microsoft/load-themed-styles": "^1.10.26",
        "@uifabric/merge-styles": "^7.19.2",
        "@uifabric/set-version": "^7.0.24",
        "@uifabric/utilities": "^7.33.5",
        "tslib": "^1.10.0"
      }
    },
    "@uifabric/utilities": {
      "version": "7.33.5",
      "resolved": "https://registry.npmjs.org/@uifabric/utilities/-/utilities-7.33.5.tgz",
      "integrity": "sha512-I+Oi0deD/xltSluFY8l2EVd/J4mvOaMljxKO2knSD9/KoGDlo/o5GN4gbnVo8nIt76HWHLAk3KtlJKJm6BhbIQ==",
      "requires": {
        "@fluentui/dom-utilities": "^1.1.2",
        "@uifabric/merge-styles": "^7.19.2",
        "@uifabric/set-version": "^7.0.24",
        "prop-types": "^15.7.2",
        "tslib": "^1.10.0"
      }
    },
    "js-tokens": {
      "version": "4.0.0",
      "resolved": "https://registry.npmjs.org/js-tokens/-/js-tokens-4.0.0.tgz",
      "integrity": "sha512-RdJUflcE3cUzKiMqQgsCu06FPu9UdIJO0beYbPhHN4k6apgJtifcoCtT9bcxOpYBtpD2kCM6Sbzg4CausW/PKQ=="
    },
    "loose-envify": {
      "version": "1.4.0",
      "resolved": "https://registry.npmjs.org/loose-envify/-/loose-envify-1.4.0.tgz",
      "integrity": "sha512-lyuxPGr/Wfhrlem2CL/UcnUc1zcqKAImBDzukY7Y5F/yQiNdko6+fRLevlw1HgMySw7f611UIY408EtxRSoK3Q==",
      "requires": {
        "js-tokens": "^3.0.0 || ^4.0.0"
      }
    },
    "object-assign": {
      "version": "4.1.1",
      "resolved": "https://registry.npmjs.org/object-assign/-/object-assign-4.1.1.tgz",
      "integrity": "sha1-IQmtx5ZYh8/AXLvUQsrIv7s2CGM="
    },
    "office-ui-fabric-react": {
      "version": "7.164.0",
      "resolved": "https://registry.npmjs.org/office-ui-fabric-react/-/office-ui-fabric-react-7.164.0.tgz",
      "integrity": "sha512-1bRS+K5gPTW2Znv6hVG2P/xHW2yNOyR2+O58xAeXhDWg2g3E2d9CECh5Q2RkamcAp+vrNyitp9atpnm/E83JDQ==",
      "requires": {
        "@fluentui/date-time-utilities": "^7.9.1",
        "@fluentui/react-focus": "^7.17.5",
        "@fluentui/react-window-provider": "^1.0.2",
        "@microsoft/load-themed-styles": "^1.10.26",
        "@uifabric/foundation": "^7.9.25",
        "@uifabric/icons": "^7.5.22",
        "@uifabric/merge-styles": "^7.19.2",
        "@uifabric/react-hooks": "^7.13.12",
        "@uifabric/set-version": "^7.0.24",
        "@uifabric/styling": "^7.18.1",
        "@uifabric/utilities": "^7.33.5",
        "prop-types": "^15.7.2",
        "tslib": "^1.10.0"
      }
    },
    "prop-types": {
      "version": "15.7.2",
      "resolved": "https://registry.npmjs.org/prop-types/-/prop-types-15.7.2.tgz",
      "integrity": "sha512-8QQikdH7//R2vurIJSutZ1smHYTcLpRWEOlHnzcWHmBYrOGUysKwSsrC89BCiFj3CbrfJ/nXFdJepOVrY1GCHQ==",
      "requires": {
        "loose-envify": "^1.4.0",
        "object-assign": "^4.1.1",
        "react-is": "^16.8.1"
      }
    },
    "react-is": {
      "version": "16.13.1",
      "resolved": "https://registry.npmjs.org/react-is/-/react-is-16.13.1.tgz",
      "integrity": "sha512-24e6ynE2H+OKt4kqsOvNd8kBpV65zoxbA4BVsEOB3ARVWQki/DHzaUoC5KuON/BiccDaCCTZBuOcfZs70kR8bQ=="
    },
    "tslib": {
      "version": "1.14.1",
      "resolved": "https://registry.npmjs.org/tslib/-/tslib-1.14.1.tgz",
      "integrity": "sha512-Xni35NKzjgMrwevysHTCArtLDpPvye8zV/0E4EyYn43P7/7qvQwPh9BGkHewbMulVntbigmcT7rdX3BNo9wRJg=="
    }
  }
}
